
Microsoft Visual Studio Solution File, Format Version 12.00
# Visual Studio Version 17
VisualStudioVersion = 17.9.34622.214
MinimumVisualStudioVersion = 10.0.40219.1
Project("{9A19103F-16F7-4668-BE54-9A1E7A4F7556}") = "MovieTicketingClient", "MovieTicketingClient\MovieTicketingClient.csproj", "{42E60F0D-7B57-4F33-AB31-F6E683D2E51E}"
EndProject
Project("{9A19103F-16F7-4668-BE54-9A1E7A4F7556}") = "MovieTicketingAdmin", "MovieTicketingAdmin\MovieTicketingAdmin.csproj", "{9097D2AF-3E28-42DC-864A-C24FE4D01194}"
EndProject
Project("{9A19103F-16F7-4668-BE54-9A1E7A4F7556}") = "SharedResources", "SharedResources\SharedResources.csproj", "{894E576D-06DF-4843-BBE3-F0FA0A40E762}"
EndProject
Project("{2150E333-8FDC-42A3-9474-1A3956D46DE8}") = "Images", "Images", "{1B4FC6DA-4FD1-4CB2-A02D-2A3B0D05EEEC}"
EndProject
Project("{FAE04EC0-301F-11D3-BF4B-00C04F79EFBC}") = "MovieTicketingApp", "MovieTicketingApp\MovieTicketingApp.csproj", "{85A64E0E-DCAF-4DE8-BD08-791733E7D674}"
EndProject
Project("{2150E333-8FDC-42A3-9474-1A3956D46DE8}") = "Solution Items", "Solution Items", "{BB9E54F9-C60C-4B80-A767-0EAD0EA6094A}"
	ProjectSection(SolutionItems) = preProject
		RebuildDatabase.ps1 = RebuildDatabase.ps1
	EndProjectSection
EndProject
Project("{2150E333-8FDC-42A3-9474-1A3956D46DE8}") = "Scripts", "Scripts", "{6ADD8275-87DE-40B3-8DD8-58BB9FCEAF8A}"
	ProjectSection(SolutionItems) = preProject
		Scripts\CreateDatabase.ps1 = Scripts\CreateDatabase.ps1
		Scripts\CreateDatabase.sql = Scripts\CreateDatabase.sql
		Scripts\DropDatabase.ps1 = Scripts\DropDatabase.ps1
	EndProjectSection
EndProject
Global
	GlobalSection(SolutionConfigurationPlatforms) = preSolution
		Debug|Any CPU = Debug|Any CPU
		Release|Any CPU = Release|Any CPU
	EndGlobalSection
	GlobalSection(ProjectConfigurationPlatforms) = postSolution
		{42E60F0D-7B57-4F33-AB31-F6E683D2E51E}.Debug|Any CPU.ActiveCfg = Debug|Any CPU
		{42E60F0D-7B57-4F33-AB31-F6E683D2E51E}.Debug|Any CPU.Build.0 = Debug|Any CPU
		{42E60F0D-7B57-4F33-AB31-F6E683D2E51E}.Release|Any CPU.ActiveCfg = Release|Any CPU
		{42E60F0D-7B57-4F33-AB31-F6E683D2E51E}.Release|Any CPU.Build.0 = Release|Any CPU
		{9097D2AF-3E28-42DC-864A-C24FE4D01194}.Debug|Any CPU.ActiveCfg = Debug|Any CPU
		{9097D2AF-3E28-42DC-864A-C24FE4D01194}.Debug|Any CPU.Build.0 = Debug|Any CPU
		{9097D2AF-3E28-42DC-864A-C24FE4D01194}.Release|Any CPU.ActiveCfg = Release|Any CPU
		{9097D2AF-3E28-42DC-864A-C24FE4D01194}.Release|Any CPU.Build.0 = Release|Any CPU
		{894E576D-06DF-4843-BBE3-F0FA0A40E762}.Debug|Any CPU.ActiveCfg = Debug|Any CPU
		{894E576D-06DF-4843-BBE3-F0FA0A40E762}.Debug|Any CPU.Build.0 = Debug|Any CPU
		{894E576D-06DF-4843-BBE3-F0FA0A40E762}.Release|Any CPU.ActiveCfg = Release|Any CPU
		{894E576D-06DF-4843-BBE3-F0FA0A40E762}.Release|Any CPU.Build.0 = Release|Any CPU
		{85A64E0E-DCAF-4DE8-BD08-791733E7D674}.Debug|Any CPU.ActiveCfg = Debug|Any CPU
		{85A64E0E-DCAF-4DE8-BD08-791733E7D674}.Debug|Any CPU.Build.0 = Debug|Any CPU
		{85A64E0E-DCAF-4DE8-BD08-791733E7D674}.Release|Any CPU.ActiveCfg = Release|Any CPU
		{85A64E0E-DCAF-4DE8-BD08-791733E7D674}.Release|Any CPU.Build.0 = Release|Any CPU
	EndGlobalSection
	GlobalSection(SolutionProperties) = preSolution
		HideSolutionNode = FALSE
	EndGlobalSection
	GlobalSection(ExtensibilityGlobals) = postSolution
		SolutionGuid = {2B997A87-0B1D-4C8E-A39A-FB488ED94AF7}
	EndGlobalSection
EndGlobal
