
Microsoft Visual Studio Solution File, Format Version 12.00
# Visual Studio Version 17
VisualStudioVersion = 17.9.34622.214
MinimumVisualStudioVersion = 10.0.40219.1
Project("{FAE04EC0-301F-11D3-BF4B-00C04F79EFBC}") = "MovieTicketingClient", "MovieTicketingClient\MovieTicketingClient.csproj", "{42E60F0D-7B57-4F33-AB31-F6E683D2E51E}"
EndProject
Project("{FAE04EC0-301F-11D3-BF4B-00C04F79EFBC}") = "MovieTicketingAdmin", "MovieTicketingAdmin\MovieTicketingAdmin.csproj", "{9097D2AF-3E28-42DC-864A-C24FE4D01194}"
EndProject
Project("{FAE04EC0-301F-11D3-BF4B-00C04F79EFBC}") = "SharedResources", "SharedResources\SharedResources.csproj", "{894E576D-06DF-4843-BBE3-F0FA0A40E762}"
EndProject
Global
	GlobalSection(SolutionConfigurationPlatforms) = preSolution
		Debug|Any CPU = Debug|Any CPU
		Release|Any CPU = Release|Any CPU
	EndGlobalSection
	GlobalSection(ProjectConfigurationPlatforms) = postSolution
		{42E60F0D-7B57-4F33-AB31-F6E683D2E51E}.Debug|Any CPU.ActiveCfg = Debug|Any CPU
		{42E60F0D-7B57-4F33-AB31-F6E683D2E51E}.Debug|Any CPU.Build.0 = Debug|Any CPU
		{42E60F0D-7B57-4F33-AB31-F6E683D2E51E}.Release|Any CPU.ActiveCfg = Release|Any CPU
		{42E60F0D-7B57-4F33-AB31-F6E683D2E51E}.Release|Any CPU.Build.0 = Release|Any CPU
		{9097D2AF-3E28-42DC-864A-C24FE4D01194}.Debug|Any CPU.ActiveCfg = Debug|Any CPU
		{9097D2AF-3E28-42DC-864A-C24FE4D01194}.Debug|Any CPU.Build.0 = Debug|Any CPU
		{9097D2AF-3E28-42DC-864A-C24FE4D01194}.Release|Any CPU.ActiveCfg = Release|Any CPU
		{9097D2AF-3E28-42DC-864A-C24FE4D01194}.Release|Any CPU.Build.0 = Release|Any CPU
		{894E576D-06DF-4843-BBE3-F0FA0A40E762}.Debug|Any CPU.ActiveCfg = Debug|Any CPU
		{894E576D-06DF-4843-BBE3-F0FA0A40E762}.Debug|Any CPU.Build.0 = Debug|Any CPU
		{894E576D-06DF-4843-BBE3-F0FA0A40E762}.Release|Any CPU.ActiveCfg = Release|Any CPU
		{894E576D-06DF-4843-BBE3-F0FA0A40E762}.Release|Any CPU.Build.0 = Release|Any CPU
	EndGlobalSection
	GlobalSection(SolutionProperties) = preSolution
		HideSolutionNode = FALSE
	EndGlobalSection
	GlobalSection(ExtensibilityGlobals) = postSolution
		SolutionGuid = {2B997A87-0B1D-4C8E-A39A-FB488ED94AF7}
	EndGlobalSection
EndGlobal
